// !$*UTF8*$!
{
	archiveVersion = 1;
	classes = {
	};
	objectVersion = 46;
	objects = {

/* Begin PBXBuildFile section */
		157148511547F5A300B45A09 /* UIKit.framework in Frameworks */ = {isa = PBXBuildFile; fileRef = 157148501547F5A300B45A09 /* UIKit.framework */; };
		157148531547F5A300B45A09 /* Foundation.framework in Frameworks */ = {isa = PBXBuildFile; fileRef = 157148521547F5A300B45A09 /* Foundation.framework */; };
		157148551547F5A300B45A09 /* CoreGraphics.framework in Frameworks */ = {isa = PBXBuildFile; fileRef = 157148541547F5A300B45A09 /* CoreGraphics.framework */; };
		1571485B1547F5A300B45A09 /* InfoPlist.strings in Resources */ = {isa = PBXBuildFile; fileRef = 157148591547F5A300B45A09 /* InfoPlist.strings */; };
		1571485D1547F5A300B45A09 /* main.m in Sources */ = {isa = PBXBuildFile; fileRef = 1571485C1547F5A300B45A09 /* main.m */; };
		157148611547F5A300B45A09 /* MTAppDelegate.m in Sources */ = {isa = PBXBuildFile; fileRef = 157148601547F5A300B45A09 /* MTAppDelegate.m */; };
/* End PBXBuildFile section */

/* Begin PBXFileReference section */
		1571484C1547F5A300B45A09 /* MovieTime.app */ = {isa = PBXFileReference; explicitFileType = wrapper.application; includeInIndex = 0; path = MovieTime.app; sourceTree = BUILT_PRODUCTS_DIR; };
		157148501547F5A300B45A09 /* UIKit.framework */ = {isa = PBXFileReference; lastKnownFileType = wrapper.framework; name = UIKit.framework; path = System/Library/Frameworks/UIKit.framework; sourceTree = SDKROOT; };
		157148521547F5A300B45A09 /* Foundation.framework */ = {isa = PBXFileReference; lastKnownFileType = wrapper.framework; name = Foundation.framework; path = System/Library/Frameworks/Foundation.framework; sourceTree = SDKROOT; };
		157148541547F5A300B45A09 /* CoreGraphics.framework */ = {isa = PBXFileReference; lastKnownFileType = wrapper.framework; name = CoreGraphics.framework; path = System/Library/Frameworks/CoreGraphics.framework; sourceTree = SDKROOT; };
		157148581547F5A300B45A09 /* MovieTime-Info.plist */ = {isa = PBXFileReference; lastKnownFileType = text.plist.xml; path = "MovieTime-Info.plist"; sourceTree = "<group>"; };
		1571485A1547F5A300B45A09 /* en */ = {isa = PBXFileReference; lastKnownFileType = text.plist.strings; name = en; path = en.lproj/InfoPlist.strings; sourceTree = "<group>"; };
		1571485C1547F5A300B45A09 /* main.m */ = {isa = PBXFileReference; lastKnownFileType = sourcecode.c.objc; path = main.m; sourceTree = "<group>"; };
		1571485E1547F5A300B45A09 /* MovieTime-Prefix.pch */ = {isa = PBXFileReference; lastKnownFileType = sourcecode.c.h; path = "MovieTime-Prefix.pch"; sourceTree = "<group>"; };
		1571485F1547F5A300B45A09 /* MTAppDelegate.h */ = {isa = PBXFileReference; lastKnownFileType = sourcecode.c.h; path = MTAppDelegate.h; sourceTree = "<group>"; };
		157148601547F5A300B45A09 /* MTAppDelegate.m */ = {isa = PBXFileReference; lastKnownFileType = sourcecode.c.objc; path = MTAppDelegate.m; sourceTree = "<group>"; };
/* End PBXFileReference section */

/* Begin PBXFrameworksBuildPhase section */
		157148491547F5A300B45A09 /* Frameworks */ = {
			isa = PBXFrameworksBuildPhase;
			buildActionMask = 2147483647;
			files = (
				157148511547F5A300B45A09 /* UIKit.framework in Frameworks */,
				157148531547F5A300B45A09 /* Foundation.framework in Frameworks */,
				157148551547F5A300B45A09 /* CoreGraphics.framework in Frameworks */,
			);
			runOnlyForDeploymentPostprocessing = 0;
		};
/* End PBXFrameworksBuildPhase section */

/* Begin PBXGroup section */
		157148411547F5A300B45A09 = {
			isa = PBXGroup;
			children = (
				157148561547F5A300B45A09 /* MovieTime */,
				1571484F1547F5A300B45A09 /* Frameworks */,
				1571484D1547F5A300B45A09 /* Products */,
			);
			sourceTree = "<group>";
		};
		1571484D1547F5A300B45A09 /* Products */ = {
			isa = PBXGroup;
			children = (
				1571484C1547F5A300B45A09 /* MovieTime.app */,
			);
			name = Products;
			sourceTree = "<group>";
		};
		1571484F1547F5A300B45A09 /* Frameworks */ = {
			isa = PBXGroup;
			children = (
				157148501547F5A300B45A09 /* UIKit.framework */,
				157148521547F5A300B45A09 /* Foundation.framework */,
				157148541547F5A300B45A09 /* CoreGraphics.framework */,
			);
			name = Frameworks;
			sourceTree = "<group>";
		};
		157148561547F5A300B45A09 /* MovieTime */ = {
			isa = PBXGroup;
			children = (
				1571485F1547F5A300B45A09 /* MTAppDelegate.h */,
				157148601547F5A300B45A09 /* MTAppDelegate.m */,
				157148571547F5A300B45A09 /* Supporting Files */,
			);
			path = MovieTime;
			sourceTree = "<group>";
		};
		157148571547F5A300B45A09 /* Supporting Files */ = {
			isa = PBXGroup;
			children = (
				157148581547F5A300B45A09 /* MovieTime-Info.plist */,
				157148591547F5A300B45A09 /* InfoPlist.strings */,
				1571485C1547F5A300B45A09 /* main.m */,
				1571485E1547F5A300B45A09 /* MovieTime-Prefix.pch */,
			);
			name = "Supporting Files";
			sourceTree = "<group>";
		};
/* End PBXGroup section */

/* Begin PBXNativeTarget section */
		1571484B1547F5A300B45A09 /* MovieTime */ = {
			isa = PBXNativeTarget;
			buildConfigurationList = 157148641547F5A300B45A09 /* Build configuration list for PBXNativeTarget "MovieTime" */;
			buildPhases = (
				157148481547F5A300B45A09 /* Sources */,
				157148491547F5A300B45A09 /* Frameworks */,
				1571484A1547F5A300B45A09 /* Resources */,
			);
			buildRules = (
			);
			dependencies = (
			);
			name = MovieTime;
			productName = MovieTime;
			productReference = 1571484C1547F5A300B45A09 /* MovieTime.app */;
			productType = "com.apple.product-type.application";
		};
/* End PBXNativeTarget section */

/* Begin PBXProject section */
		157148431547F5A300B45A09 /* Project object */ = {
			isa = PBXProject;
			attributes = {
				LastUpgradeCheck = 0420;
			};
			buildConfigurationList = 157148461547F5A300B45A09 /* Build configuration list for PBXProject "MovieTime" */;
			compatibilityVersion = "Xcode 3.2";
			developmentRegion = English;
			hasScannedForEncodings = 0;
			knownRegions = (
				en,
			);
			mainGroup = 157148411547F5A300B45A09;
			productRefGroup = 1571484D1547F5A300B45A09 /* Products */;
			projectDirPath = "";
			projectRoot = "";
			targets = (
				1571484B1547F5A300B45A09 /* MovieTime */,
			);
		};
/* End PBXProject section */

/* Begin PBXResourcesBuildPhase section */
		1571484A1547F5A300B45A09 /* Resources */ = {
			isa = PBXResourcesBuildPhase;
			buildActionMask = 2147483647;
			files = (
				1571485B1547F5A300B45A09 /* InfoPlist.strings in Resources */,
			);
			runOnlyForDeploymentPostprocessing = 0;
		};
/* End PBXResourcesBuildPhase section */

/* Begin PBXSourcesBuildPhase section */
		157148481547F5A300B45A09 /* Sources */ = {
			isa = PBXSourcesBuildPhase;
			buildActionMask = 2147483647;
			files = (
				1571485D1547F5A300B45A09 /* main.m in Sources */,
				157148611547F5A300B45A09 /* MTAppDelegate.m in Sources */,
			);
			runOnlyForDeploymentPostprocessing = 0;
		};
/* End PBXSourcesBuildPhase section */

/* Begin PBXVariantGroup section */
		157148591547F5A300B45A09 /* InfoPlist.strings */ = {
			isa = PBXVariantGroup;
			children = (
				1571485A1547F5A300B45A09 /* en */,
			);
			name = InfoPlist.strings;
			sourceTree = "<group>";
		};
/* End PBXVariantGroup section */

/* Begin XCBuildConfiguration section */
		157148621547F5A300B45A09 /* Debug */ = {
			isa = XCBuildConfiguration;
			buildSettings = {
				ALWAYS_SEARCH_USER_PATHS = NO;
				ARCHS = "$(ARCHS_STANDARD_32_BIT)";
				CLANG_ENABLE_OBJC_ARC = YES;
				"CODE_SIGN_IDENTITY[sdk=iphoneos*]" = "iPhone Developer";
				COPY_PHASE_STRIP = NO;
				GCC_C_LANGUAGE_STANDARD = gnu99;
				GCC_DYNAMIC_NO_PIC = NO;
				GCC_OPTIMIZATION_LEVEL = 0;
				GCC_PREPROCESSOR_DEFINITIONS = (
					"DEBUG=1",
					"$(inherited)",
				);
				GCC_SYMBOLS_PRIVATE_EXTERN = NO;
				GCC_VERSION = com.apple.compilers.llvm.clang.1_0;
				GCC_WARN_ABOUT_MISSING_PROTOTYPES = YES;
				GCC_WARN_ABOUT_RETURN_TYPE = YES;
				GCC_WARN_UNUSED_VARIABLE = YES;
				IPHONEOS_DEPLOYMENT_TARGET = 5.0;
				SDKROOT = iphoneos;
				TARGETED_DEVICE_FAMILY = "1,2";
			};
			name = Debug;
		};
		157148631547F5A300B45A09 /* Release */ = {
			isa = XCBuildConfiguration;
			buildSettings = {
				ALWAYS_SEARCH_USER_PATHS = NO;
				ARCHS = "$(ARCHS_STANDARD_32_BIT)";
				CLANG_ENABLE_OBJC_ARC = YES;
				"CODE_SIGN_IDENTITY[sdk=iphoneos*]" = "iPhone Developer";
				COPY_PHASE_STRIP = YES;
				GCC_C_LANGUAGE_STANDARD = gnu99;
				GCC_VERSION = com.apple.compilers.llvm.clang.1_0;
				GCC_WARN_ABOUT_MISSING_PROTOTYPES = YES;
				GCC_WARN_ABOUT_RETURN_TYPE = YES;
				GCC_WARN_UNUSED_VARIABLE = YES;
				IPHONEOS_DEPLOYMENT_TARGET = 5.0;
				OTHER_CFLAGS = "-DNS_BLOCK_ASSERTIONS=1";
				SDKROOT = iphoneos;
				TARGETED_DEVICE_FAMILY = "1,2";
				VALIDATE_PRODUCT = YES;
			};
			name = Release;
		};
		157148651547F5A300B45A09 /* Debug */ = {
			isa = XCBuildConfiguration;
			buildSettings = {
				GCC_PRECOMPILE_PREFIX_HEADER = YES;
				GCC_PREFIX_HEADER = "MovieTime/MovieTime-Prefix.pch";
				INFOPLIST_FILE = "MovieTime/MovieTime-Info.plist";
				PRODUCT_NAME = "$(TARGET_NAME)";
				WRAPPER_EXTENSION = app;
			};
			name = Debug;
		};
		157148661547F5A300B45A09 /* Release */ = {
			isa = XCBuildConfiguration;
			buildSettings = {
				GCC_PRECOMPILE_PREFIX_HEADER = YES;
				GCC_PREFIX_HEADER = "MovieTime/MovieTime-Prefix.pch";
				INFOPLIST_FILE = "MovieTime/MovieTime-Info.plist";
				PRODUCT_NAME = "$(TARGET_NAME)";
				WRAPPER_EXTENSION = app;
			};
			name = Release;
		};
/* End XCBuildConfiguration section */

/* Begin XCConfigurationList section */
		157148461547F5A300B45A09 /* Build configuration list for PBXProject "MovieTime" */ = {
			isa = XCConfigurationList;
			buildConfigurations = (
				157148621547F5A300B45A09 /* Debug */,
				157148631547F5A300B45A09 /* Release */,
			);
			defaultConfigurationIsVisible = 0;
			defaultConfigurationName = Release;
		};
		157148641547F5A300B45A09 /* Build configuration list for PBXNativeTarget "MovieTime" */ = {
			isa = XCConfigurationList;
			buildConfigurations = (
				157148651547F5A300B45A09 /* Debug */,
				157148661547F5A300B45A09 /* Release */,
			);
			defaultConfigurationIsVisible = 0;
		};
/* End XCConfigurationList section */
	};
	rootObject = 157148431547F5A300B45A09 /* Project object */;
}
