// !$*UTF8*$!
{
	archiveVersion = 1;
	classes = {
	};
	objectVersion = 46;
	objects = {

/* Begin PBXBuildFile section */
		153DF4921547F72300C28824 /* MTCuevana.m in Sources */ = {isa = PBXBuildFile; fileRef = 153DF48F1547F72300C28824 /* MTCuevana.m */; };
		153DF4931547F72300C28824 /* MTUrlsCuevana.m in Sources */ = {isa = PBXBuildFile; fileRef = 153DF4911547F72300C28824 /* MTUrlsCuevana.m */; };
		153DF4AE1547F75100C28824 /* NSObject+SBJson.m in Sources */ = {isa = PBXBuildFile; fileRef = 153DF4961547F75000C28824 /* NSObject+SBJson.m */; };
		153DF4AF1547F75100C28824 /* SBJsonParser.m in Sources */ = {isa = PBXBuildFile; fileRef = 153DF4991547F75000C28824 /* SBJsonParser.m */; };
		153DF4B01547F75100C28824 /* SBJsonStreamParser.m in Sources */ = {isa = PBXBuildFile; fileRef = 153DF49B1547F75000C28824 /* SBJsonStreamParser.m */; };
		153DF4B11547F75100C28824 /* SBJsonStreamParserAccumulator.m in Sources */ = {isa = PBXBuildFile; fileRef = 153DF49D1547F75000C28824 /* SBJsonStreamParserAccumulator.m */; };
		153DF4B21547F75100C28824 /* SBJsonStreamParserAdapter.m in Sources */ = {isa = PBXBuildFile; fileRef = 153DF49F1547F75000C28824 /* SBJsonStreamParserAdapter.m */; };
		153DF4B31547F75100C28824 /* SBJsonStreamParserState.m in Sources */ = {isa = PBXBuildFile; fileRef = 153DF4A11547F75000C28824 /* SBJsonStreamParserState.m */; };
		153DF4B41547F75100C28824 /* SBJsonStreamWriter.m in Sources */ = {isa = PBXBuildFile; fileRef = 153DF4A31547F75000C28824 /* SBJsonStreamWriter.m */; };
		153DF4B51547F75100C28824 /* SBJsonStreamWriterAccumulator.m in Sources */ = {isa = PBXBuildFile; fileRef = 153DF4A51547F75100C28824 /* SBJsonStreamWriterAccumulator.m */; };
		153DF4B61547F75100C28824 /* SBJsonStreamWriterState.m in Sources */ = {isa = PBXBuildFile; fileRef = 153DF4A71547F75100C28824 /* SBJsonStreamWriterState.m */; };
		153DF4B71547F75100C28824 /* SBJsonTokeniser.m in Sources */ = {isa = PBXBuildFile; fileRef = 153DF4A91547F75100C28824 /* SBJsonTokeniser.m */; };
		153DF4B81547F75100C28824 /* SBJsonUTF8Stream.m in Sources */ = {isa = PBXBuildFile; fileRef = 153DF4AB1547F75100C28824 /* SBJsonUTF8Stream.m */; };
		153DF4B91547F75100C28824 /* SBJsonWriter.m in Sources */ = {isa = PBXBuildFile; fileRef = 153DF4AD1547F75100C28824 /* SBJsonWriter.m */; };
		153DF4C31547F8D400C28824 /* Show.m in Sources */ = {isa = PBXBuildFile; fileRef = 153DF4C21547F8D400C28824 /* Show.m */; };
		153DF4C61547F8F200C28824 /* Season.m in Sources */ = {isa = PBXBuildFile; fileRef = 153DF4C51547F8F100C28824 /* Season.m */; };
		153DF4C91547F91200C28824 /* Episode.m in Sources */ = {isa = PBXBuildFile; fileRef = 153DF4C81547F91200C28824 /* Episode.m */; };
		153DF4CC1547F92900C28824 /* Movie.m in Sources */ = {isa = PBXBuildFile; fileRef = 153DF4CB1547F92900C28824 /* Movie.m */; };
		157148511547F5A300B45A09 /* UIKit.framework in Frameworks */ = {isa = PBXBuildFile; fileRef = 157148501547F5A300B45A09 /* UIKit.framework */; };
		157148531547F5A300B45A09 /* Foundation.framework in Frameworks */ = {isa = PBXBuildFile; fileRef = 157148521547F5A300B45A09 /* Foundation.framework */; };
		157148551547F5A300B45A09 /* CoreGraphics.framework in Frameworks */ = {isa = PBXBuildFile; fileRef = 157148541547F5A300B45A09 /* CoreGraphics.framework */; };
		1571485B1547F5A300B45A09 /* InfoPlist.strings in Resources */ = {isa = PBXBuildFile; fileRef = 157148591547F5A300B45A09 /* InfoPlist.strings */; };
		1571485D1547F5A300B45A09 /* main.m in Sources */ = {isa = PBXBuildFile; fileRef = 1571485C1547F5A300B45A09 /* main.m */; };
		157148611547F5A300B45A09 /* MTAppDelegate.m in Sources */ = {isa = PBXBuildFile; fileRef = 157148601547F5A300B45A09 /* MTAppDelegate.m */; };
/* End PBXBuildFile section */

/* Begin PBXFileReference section */
		153DF48E1547F72300C28824 /* MTCuevana.h */ = {isa = PBXFileReference; fileEncoding = 4; lastKnownFileType = sourcecode.c.h; path = MTCuevana.h; sourceTree = "<group>"; };
		153DF48F1547F72300C28824 /* MTCuevana.m */ = {isa = PBXFileReference; fileEncoding = 4; lastKnownFileType = sourcecode.c.objc; path = MTCuevana.m; sourceTree = "<group>"; };
		153DF4901547F72300C28824 /* MTUrlsCuevana.h */ = {isa = PBXFileReference; fileEncoding = 4; lastKnownFileType = sourcecode.c.h; path = MTUrlsCuevana.h; sourceTree = "<group>"; };
		153DF4911547F72300C28824 /* MTUrlsCuevana.m */ = {isa = PBXFileReference; fileEncoding = 4; lastKnownFileType = sourcecode.c.objc; path = MTUrlsCuevana.m; sourceTree = "<group>"; };
		153DF4951547F75000C28824 /* NSObject+SBJson.h */ = {isa = PBXFileReference; fileEncoding = 4; lastKnownFileType = sourcecode.c.h; path = "NSObject+SBJson.h"; sourceTree = "<group>"; };
		153DF4961547F75000C28824 /* NSObject+SBJson.m */ = {isa = PBXFileReference; fileEncoding = 4; lastKnownFileType = sourcecode.c.objc; path = "NSObject+SBJson.m"; sourceTree = "<group>"; };
		153DF4971547F75000C28824 /* SBJson.h */ = {isa = PBXFileReference; fileEncoding = 4; lastKnownFileType = sourcecode.c.h; path = SBJson.h; sourceTree = "<group>"; };
		153DF4981547F75000C28824 /* SBJsonParser.h */ = {isa = PBXFileReference; fileEncoding = 4; lastKnownFileType = sourcecode.c.h; path = SBJsonParser.h; sourceTree = "<group>"; };
		153DF4991547F75000C28824 /* SBJsonParser.m */ = {isa = PBXFileReference; fileEncoding = 4; lastKnownFileType = sourcecode.c.objc; path = SBJsonParser.m; sourceTree = "<group>"; };
		153DF49A1547F75000C28824 /* SBJsonStreamParser.h */ = {isa = PBXFileReference; fileEncoding = 4; lastKnownFileType = sourcecode.c.h; path = SBJsonStreamParser.h; sourceTree = "<group>"; };
		153DF49B1547F75000C28824 /* SBJsonStreamParser.m */ = {isa = PBXFileReference; fileEncoding = 4; lastKnownFileType = sourcecode.c.objc; path = SBJsonStreamParser.m; sourceTree = "<group>"; };
		153DF49C1547F75000C28824 /* SBJsonStreamParserAccumulator.h */ = {isa = PBXFileReference; fileEncoding = 4; lastKnownFileType = sourcecode.c.h; path = SBJsonStreamParserAccumulator.h; sourceTree = "<group>"; };
		153DF49D1547F75000C28824 /* SBJsonStreamParserAccumulator.m */ = {isa = PBXFileReference; fileEncoding = 4; lastKnownFileType = sourcecode.c.objc; path = SBJsonStreamParserAccumulator.m; sourceTree = "<group>"; };
		153DF49E1547F75000C28824 /* SBJsonStreamParserAdapter.h */ = {isa = PBXFileReference; fileEncoding = 4; lastKnownFileType = sourcecode.c.h; path = SBJsonStreamParserAdapter.h; sourceTree = "<group>"; };
		153DF49F1547F75000C28824 /* SBJsonStreamParserAdapter.m */ = {isa = PBXFileReference; fileEncoding = 4; lastKnownFileType = sourcecode.c.objc; path = SBJsonStreamParserAdapter.m; sourceTree = "<group>"; };
		153DF4A01547F75000C28824 /* SBJsonStreamParserState.h */ = {isa = PBXFileReference; fileEncoding = 4; lastKnownFileType = sourcecode.c.h; path = SBJsonStreamParserState.h; sourceTree = "<group>"; };
		153DF4A11547F75000C28824 /* SBJsonStreamParserState.m */ = {isa = PBXFileReference; fileEncoding = 4; lastKnownFileType = sourcecode.c.objc; path = SBJsonStreamParserState.m; sourceTree = "<group>"; };
		153DF4A21547F75000C28824 /* SBJsonStreamWriter.h */ = {isa = PBXFileReference; fileEncoding = 4; lastKnownFileType = sourcecode.c.h; path = SBJsonStreamWriter.h; sourceTree = "<group>"; };
		153DF4A31547F75000C28824 /* SBJsonStreamWriter.m */ = {isa = PBXFileReference; fileEncoding = 4; lastKnownFileType = sourcecode.c.objc; path = SBJsonStreamWriter.m; sourceTree = "<group>"; };
		153DF4A41547F75000C28824 /* SBJsonStreamWriterAccumulator.h */ = {isa = PBXFileReference; fileEncoding = 4; lastKnownFileType = sourcecode.c.h; path = SBJsonStreamWriterAccumulator.h; sourceTree = "<group>"; };
		153DF4A51547F75100C28824 /* SBJsonStreamWriterAccumulator.m */ = {isa = PBXFileReference; fileEncoding = 4; lastKnownFileType = sourcecode.c.objc; path = SBJsonStreamWriterAccumulator.m; sourceTree = "<group>"; };
		153DF4A61547F75100C28824 /* SBJsonStreamWriterState.h */ = {isa = PBXFileReference; fileEncoding = 4; lastKnownFileType = sourcecode.c.h; path = SBJsonStreamWriterState.h; sourceTree = "<group>"; };
		153DF4A71547F75100C28824 /* SBJsonStreamWriterState.m */ = {isa = PBXFileReference; fileEncoding = 4; lastKnownFileType = sourcecode.c.objc; path = SBJsonStreamWriterState.m; sourceTree = "<group>"; };
		153DF4A81547F75100C28824 /* SBJsonTokeniser.h */ = {isa = PBXFileReference; fileEncoding = 4; lastKnownFileType = sourcecode.c.h; path = SBJsonTokeniser.h; sourceTree = "<group>"; };
		153DF4A91547F75100C28824 /* SBJsonTokeniser.m */ = {isa = PBXFileReference; fileEncoding = 4; lastKnownFileType = sourcecode.c.objc; path = SBJsonTokeniser.m; sourceTree = "<group>"; };
		153DF4AA1547F75100C28824 /* SBJsonUTF8Stream.h */ = {isa = PBXFileReference; fileEncoding = 4; lastKnownFileType = sourcecode.c.h; path = SBJsonUTF8Stream.h; sourceTree = "<group>"; };
		153DF4AB1547F75100C28824 /* SBJsonUTF8Stream.m */ = {isa = PBXFileReference; fileEncoding = 4; lastKnownFileType = sourcecode.c.objc; path = SBJsonUTF8Stream.m; sourceTree = "<group>"; };
		153DF4AC1547F75100C28824 /* SBJsonWriter.h */ = {isa = PBXFileReference; fileEncoding = 4; lastKnownFileType = sourcecode.c.h; path = SBJsonWriter.h; sourceTree = "<group>"; };
		153DF4AD1547F75100C28824 /* SBJsonWriter.m */ = {isa = PBXFileReference; fileEncoding = 4; lastKnownFileType = sourcecode.c.objc; path = SBJsonWriter.m; sourceTree = "<group>"; };
		153DF4C11547F8D400C28824 /* Show.h */ = {isa = PBXFileReference; fileEncoding = 4; lastKnownFileType = sourcecode.c.h; path = Show.h; sourceTree = "<group>"; };
		153DF4C21547F8D400C28824 /* Show.m */ = {isa = PBXFileReference; fileEncoding = 4; lastKnownFileType = sourcecode.c.objc; path = Show.m; sourceTree = "<group>"; };
		153DF4C41547F8F100C28824 /* Season.h */ = {isa = PBXFileReference; fileEncoding = 4; lastKnownFileType = sourcecode.c.h; path = Season.h; sourceTree = "<group>"; };
		153DF4C51547F8F100C28824 /* Season.m */ = {isa = PBXFileReference; fileEncoding = 4; lastKnownFileType = sourcecode.c.objc; path = Season.m; sourceTree = "<group>"; };
		153DF4C71547F91200C28824 /* Episode.h */ = {isa = PBXFileReference; fileEncoding = 4; lastKnownFileType = sourcecode.c.h; path = Episode.h; sourceTree = "<group>"; };
		153DF4C81547F91200C28824 /* Episode.m */ = {isa = PBXFileReference; fileEncoding = 4; lastKnownFileType = sourcecode.c.objc; path = Episode.m; sourceTree = "<group>"; };
		153DF4CA1547F92800C28824 /* Movie.h */ = {isa = PBXFileReference; fileEncoding = 4; lastKnownFileType = sourcecode.c.h; path = Movie.h; sourceTree = "<group>"; };
		153DF4CB1547F92900C28824 /* Movie.m */ = {isa = PBXFileReference; fileEncoding = 4; lastKnownFileType = sourcecode.c.objc; path = Movie.m; sourceTree = "<group>"; };
		1571484C1547F5A300B45A09 /* MovieTime.app */ = {isa = PBXFileReference; explicitFileType = wrapper.application; includeInIndex = 0; path = MovieTime.app; sourceTree = BUILT_PRODUCTS_DIR; };
		157148501547F5A300B45A09 /* UIKit.framework */ = {isa = PBXFileReference; lastKnownFileType = wrapper.framework; name = UIKit.framework; path = System/Library/Frameworks/UIKit.framework; sourceTree = SDKROOT; };
		157148521547F5A300B45A09 /* Foundation.framework */ = {isa = PBXFileReference; lastKnownFileType = wrapper.framework; name = Foundation.framework; path = System/Library/Frameworks/Foundation.framework; sourceTree = SDKROOT; };
		157148541547F5A300B45A09 /* CoreGraphics.framework */ = {isa = PBXFileReference; lastKnownFileType = wrapper.framework; name = CoreGraphics.framework; path = System/Library/Frameworks/CoreGraphics.framework; sourceTree = SDKROOT; };
		157148581547F5A300B45A09 /* MovieTime-Info.plist */ = {isa = PBXFileReference; lastKnownFileType = text.plist.xml; path = "MovieTime-Info.plist"; sourceTree = "<group>"; };
		1571485A1547F5A300B45A09 /* en */ = {isa = PBXFileReference; lastKnownFileType = text.plist.strings; name = en; path = en.lproj/InfoPlist.strings; sourceTree = "<group>"; };
		1571485C1547F5A300B45A09 /* main.m */ = {isa = PBXFileReference; lastKnownFileType = sourcecode.c.objc; path = main.m; sourceTree = "<group>"; };
		1571485E1547F5A300B45A09 /* MovieTime-Prefix.pch */ = {isa = PBXFileReference; lastKnownFileType = sourcecode.c.h; path = "MovieTime-Prefix.pch"; sourceTree = "<group>"; };
		1571485F1547F5A300B45A09 /* MTAppDelegate.h */ = {isa = PBXFileReference; lastKnownFileType = sourcecode.c.h; path = MTAppDelegate.h; sourceTree = "<group>"; };
		157148601547F5A300B45A09 /* MTAppDelegate.m */ = {isa = PBXFileReference; lastKnownFileType = sourcecode.c.objc; path = MTAppDelegate.m; sourceTree = "<group>"; };
/* End PBXFileReference section */

/* Begin PBXFrameworksBuildPhase section */
		157148491547F5A300B45A09 /* Frameworks */ = {
			isa = PBXFrameworksBuildPhase;
			buildActionMask = 2147483647;
			files = (
				157148511547F5A300B45A09 /* UIKit.framework in Frameworks */,
				157148531547F5A300B45A09 /* Foundation.framework in Frameworks */,
				157148551547F5A300B45A09 /* CoreGraphics.framework in Frameworks */,
			);
			runOnlyForDeploymentPostprocessing = 0;
		};
/* End PBXFrameworksBuildPhase section */

/* Begin PBXGroup section */
		153DF4BA1547F75D00C28824 /* Utils */ = {
			isa = PBXGroup;
			children = (
				153DF4951547F75000C28824 /* NSObject+SBJson.h */,
				153DF4961547F75000C28824 /* NSObject+SBJson.m */,
				153DF4971547F75000C28824 /* SBJson.h */,
				153DF4981547F75000C28824 /* SBJsonParser.h */,
				153DF4991547F75000C28824 /* SBJsonParser.m */,
				153DF49A1547F75000C28824 /* SBJsonStreamParser.h */,
				153DF49B1547F75000C28824 /* SBJsonStreamParser.m */,
				153DF49C1547F75000C28824 /* SBJsonStreamParserAccumulator.h */,
				153DF49D1547F75000C28824 /* SBJsonStreamParserAccumulator.m */,
				153DF49E1547F75000C28824 /* SBJsonStreamParserAdapter.h */,
				153DF49F1547F75000C28824 /* SBJsonStreamParserAdapter.m */,
				153DF4A01547F75000C28824 /* SBJsonStreamParserState.h */,
				153DF4A11547F75000C28824 /* SBJsonStreamParserState.m */,
				153DF4A21547F75000C28824 /* SBJsonStreamWriter.h */,
				153DF4A31547F75000C28824 /* SBJsonStreamWriter.m */,
				153DF4A41547F75000C28824 /* SBJsonStreamWriterAccumulator.h */,
				153DF4A51547F75100C28824 /* SBJsonStreamWriterAccumulator.m */,
				153DF4A61547F75100C28824 /* SBJsonStreamWriterState.h */,
				153DF4A71547F75100C28824 /* SBJsonStreamWriterState.m */,
				153DF4A81547F75100C28824 /* SBJsonTokeniser.h */,
				153DF4A91547F75100C28824 /* SBJsonTokeniser.m */,
				153DF4AA1547F75100C28824 /* SBJsonUTF8Stream.h */,
				153DF4AB1547F75100C28824 /* SBJsonUTF8Stream.m */,
				153DF4AC1547F75100C28824 /* SBJsonWriter.h */,
				153DF4AD1547F75100C28824 /* SBJsonWriter.m */,
			);
			name = Utils;
			sourceTree = "<group>";
		};
		153DF4BB1547F78C00C28824 /* Cuevana */ = {
			isa = PBXGroup;
			children = (
				153DF48E1547F72300C28824 /* MTCuevana.h */,
				153DF48F1547F72300C28824 /* MTCuevana.m */,
				153DF4901547F72300C28824 /* MTUrlsCuevana.h */,
				153DF4911547F72300C28824 /* MTUrlsCuevana.m */,
			);
			name = Cuevana;
			sourceTree = "<group>";
		};
		153DF4BC1547F79600C28824 /* Model */ = {
			isa = PBXGroup;
			children = (
				153DF4C01547F7CB00C28824 /* Hosts */,
				153DF4C11547F8D400C28824 /* Show.h */,
				153DF4C21547F8D400C28824 /* Show.m */,
				153DF4C41547F8F100C28824 /* Season.h */,
				153DF4C51547F8F100C28824 /* Season.m */,
				153DF4C71547F91200C28824 /* Episode.h */,
				153DF4C81547F91200C28824 /* Episode.m */,
				153DF4CA1547F92800C28824 /* Movie.h */,
				153DF4CB1547F92900C28824 /* Movie.m */,
			);
			name = Model;
			sourceTree = "<group>";
		};
		153DF4BD1547F79F00C28824 /* Views */ = {
			isa = PBXGroup;
			children = (
			);
			name = Views;
			sourceTree = "<group>";
		};
		153DF4BE1547F7A200C28824 /* Controllers */ = {
			isa = PBXGroup;
			children = (
			);
			name = Controllers;
			sourceTree = "<group>";
		};
		153DF4BF1547F7B400C28824 /* Resources */ = {
			isa = PBXGroup;
			children = (
			);
			name = Resources;
			sourceTree = "<group>";
		};
		153DF4C01547F7CB00C28824 /* Hosts */ = {
			isa = PBXGroup;
			children = (
				153DF4BB1547F78C00C28824 /* Cuevana */,
			);
			name = Hosts;
			sourceTree = "<group>";
		};
		157148411547F5A300B45A09 = {
			isa = PBXGroup;
			children = (
				157148561547F5A300B45A09 /* MovieTime */,
				1571484F1547F5A300B45A09 /* Frameworks */,
				1571484D1547F5A300B45A09 /* Products */,
			);
			sourceTree = "<group>";
		};
		1571484D1547F5A300B45A09 /* Products */ = {
			isa = PBXGroup;
			children = (
				1571484C1547F5A300B45A09 /* MovieTime.app */,
			);
			name = Products;
			sourceTree = "<group>";
		};
		1571484F1547F5A300B45A09 /* Frameworks */ = {
			isa = PBXGroup;
			children = (
				157148501547F5A300B45A09 /* UIKit.framework */,
				157148521547F5A300B45A09 /* Foundation.framework */,
				157148541547F5A300B45A09 /* CoreGraphics.framework */,
			);
			name = Frameworks;
			sourceTree = "<group>";
		};
		157148561547F5A300B45A09 /* MovieTime */ = {
			isa = PBXGroup;
			children = (
				1571485F1547F5A300B45A09 /* MTAppDelegate.h */,
				157148601547F5A300B45A09 /* MTAppDelegate.m */,
				153DF4BD1547F79F00C28824 /* Views */,
				153DF4BE1547F7A200C28824 /* Controllers */,
				153DF4BC1547F79600C28824 /* Model */,
				153DF4BA1547F75D00C28824 /* Utils */,
				153DF4BF1547F7B400C28824 /* Resources */,
				157148571547F5A300B45A09 /* Supporting Files */,
			);
			path = MovieTime;
			sourceTree = "<group>";
		};
		157148571547F5A300B45A09 /* Supporting Files */ = {
			isa = PBXGroup;
			children = (
				157148581547F5A300B45A09 /* MovieTime-Info.plist */,
				157148591547F5A300B45A09 /* InfoPlist.strings */,
				1571485C1547F5A300B45A09 /* main.m */,
				1571485E1547F5A300B45A09 /* MovieTime-Prefix.pch */,
			);
			name = "Supporting Files";
			sourceTree = "<group>";
		};
/* End PBXGroup section */

/* Begin PBXNativeTarget section */
		1571484B1547F5A300B45A09 /* MovieTime */ = {
			isa = PBXNativeTarget;
			buildConfigurationList = 157148641547F5A300B45A09 /* Build configuration list for PBXNativeTarget "MovieTime" */;
			buildPhases = (
				157148481547F5A300B45A09 /* Sources */,
				157148491547F5A300B45A09 /* Frameworks */,
				1571484A1547F5A300B45A09 /* Resources */,
			);
			buildRules = (
			);
			dependencies = (
			);
			name = MovieTime;
			productName = MovieTime;
			productReference = 1571484C1547F5A300B45A09 /* MovieTime.app */;
			productType = "com.apple.product-type.application";
		};
/* End PBXNativeTarget section */

/* Begin PBXProject section */
		157148431547F5A300B45A09 /* Project object */ = {
			isa = PBXProject;
			attributes = {
				LastUpgradeCheck = 0420;
			};
			buildConfigurationList = 157148461547F5A300B45A09 /* Build configuration list for PBXProject "MovieTime" */;
			compatibilityVersion = "Xcode 3.2";
			developmentRegion = English;
			hasScannedForEncodings = 0;
			knownRegions = (
				en,
			);
			mainGroup = 157148411547F5A300B45A09;
			productRefGroup = 1571484D1547F5A300B45A09 /* Products */;
			projectDirPath = "";
			projectRoot = "";
			targets = (
				1571484B1547F5A300B45A09 /* MovieTime */,
			);
		};
/* End PBXProject section */

/* Begin PBXResourcesBuildPhase section */
		1571484A1547F5A300B45A09 /* Resources */ = {
			isa = PBXResourcesBuildPhase;
			buildActionMask = 2147483647;
			files = (
				1571485B1547F5A300B45A09 /* InfoPlist.strings in Resources */,
			);
			runOnlyForDeploymentPostprocessing = 0;
		};
/* End PBXResourcesBuildPhase section */

/* Begin PBXSourcesBuildPhase section */
		157148481547F5A300B45A09 /* Sources */ = {
			isa = PBXSourcesBuildPhase;
			buildActionMask = 2147483647;
			files = (
				1571485D1547F5A300B45A09 /* main.m in Sources */,
				157148611547F5A300B45A09 /* MTAppDelegate.m in Sources */,
				153DF4921547F72300C28824 /* MTCuevana.m in Sources */,
				153DF4931547F72300C28824 /* MTUrlsCuevana.m in Sources */,
				153DF4AE1547F75100C28824 /* NSObject+SBJson.m in Sources */,
				153DF4AF1547F75100C28824 /* SBJsonParser.m in Sources */,
				153DF4B01547F75100C28824 /* SBJsonStreamParser.m in Sources */,
				153DF4B11547F75100C28824 /* SBJsonStreamParserAccumulator.m in Sources */,
				153DF4B21547F75100C28824 /* SBJsonStreamParserAdapter.m in Sources */,
				153DF4B31547F75100C28824 /* SBJsonStreamParserState.m in Sources */,
				153DF4B41547F75100C28824 /* SBJsonStreamWriter.m in Sources */,
				153DF4B51547F75100C28824 /* SBJsonStreamWriterAccumulator.m in Sources */,
				153DF4B61547F75100C28824 /* SBJsonStreamWriterState.m in Sources */,
				153DF4B71547F75100C28824 /* SBJsonTokeniser.m in Sources */,
				153DF4B81547F75100C28824 /* SBJsonUTF8Stream.m in Sources */,
				153DF4B91547F75100C28824 /* SBJsonWriter.m in Sources */,
				153DF4C31547F8D400C28824 /* Show.m in Sources */,
				153DF4C61547F8F200C28824 /* Season.m in Sources */,
				153DF4C91547F91200C28824 /* Episode.m in Sources */,
				153DF4CC1547F92900C28824 /* Movie.m in Sources */,
			);
			runOnlyForDeploymentPostprocessing = 0;
		};
/* End PBXSourcesBuildPhase section */

/* Begin PBXVariantGroup section */
		157148591547F5A300B45A09 /* InfoPlist.strings */ = {
			isa = PBXVariantGroup;
			children = (
				1571485A1547F5A300B45A09 /* en */,
			);
			name = InfoPlist.strings;
			sourceTree = "<group>";
		};
/* End PBXVariantGroup section */

/* Begin XCBuildConfiguration section */
		157148621547F5A300B45A09 /* Debug */ = {
			isa = XCBuildConfiguration;
			buildSettings = {
				ALWAYS_SEARCH_USER_PATHS = NO;
				ARCHS = "$(ARCHS_STANDARD_32_BIT)";
				CLANG_ENABLE_OBJC_ARC = YES;
				"CODE_SIGN_IDENTITY[sdk=iphoneos*]" = "iPhone Developer";
				COPY_PHASE_STRIP = NO;
				GCC_C_LANGUAGE_STANDARD = gnu99;
				GCC_DYNAMIC_NO_PIC = NO;
				GCC_OPTIMIZATION_LEVEL = 0;
				GCC_PREPROCESSOR_DEFINITIONS = (
					"DEBUG=1",
					"$(inherited)",
				);
				GCC_SYMBOLS_PRIVATE_EXTERN = NO;
				GCC_VERSION = com.apple.compilers.llvm.clang.1_0;
				GCC_WARN_ABOUT_MISSING_PROTOTYPES = YES;
				GCC_WARN_ABOUT_RETURN_TYPE = YES;
				GCC_WARN_UNUSED_VARIABLE = YES;
				IPHONEOS_DEPLOYMENT_TARGET = 5.0;
				SDKROOT = iphoneos;
				TARGETED_DEVICE_FAMILY = "1,2";
			};
			name = Debug;
		};
		157148631547F5A300B45A09 /* Release */ = {
			isa = XCBuildConfiguration;
			buildSettings = {
				ALWAYS_SEARCH_USER_PATHS = NO;
				ARCHS = "$(ARCHS_STANDARD_32_BIT)";
				CLANG_ENABLE_OBJC_ARC = YES;
				"CODE_SIGN_IDENTITY[sdk=iphoneos*]" = "iPhone Developer";
				COPY_PHASE_STRIP = YES;
				GCC_C_LANGUAGE_STANDARD = gnu99;
				GCC_VERSION = com.apple.compilers.llvm.clang.1_0;
				GCC_WARN_ABOUT_MISSING_PROTOTYPES = YES;
				GCC_WARN_ABOUT_RETURN_TYPE = YES;
				GCC_WARN_UNUSED_VARIABLE = YES;
				IPHONEOS_DEPLOYMENT_TARGET = 5.0;
				OTHER_CFLAGS = "-DNS_BLOCK_ASSERTIONS=1";
				SDKROOT = iphoneos;
				TARGETED_DEVICE_FAMILY = "1,2";
				VALIDATE_PRODUCT = YES;
			};
			name = Release;
		};
		157148651547F5A300B45A09 /* Debug */ = {
			isa = XCBuildConfiguration;
			buildSettings = {
				GCC_PRECOMPILE_PREFIX_HEADER = YES;
				GCC_PREFIX_HEADER = "MovieTime/MovieTime-Prefix.pch";
				INFOPLIST_FILE = "MovieTime/MovieTime-Info.plist";
				PRODUCT_NAME = "$(TARGET_NAME)";
				WRAPPER_EXTENSION = app;
			};
			name = Debug;
		};
		157148661547F5A300B45A09 /* Release */ = {
			isa = XCBuildConfiguration;
			buildSettings = {
				GCC_PRECOMPILE_PREFIX_HEADER = YES;
				GCC_PREFIX_HEADER = "MovieTime/MovieTime-Prefix.pch";
				INFOPLIST_FILE = "MovieTime/MovieTime-Info.plist";
				PRODUCT_NAME = "$(TARGET_NAME)";
				WRAPPER_EXTENSION = app;
			};
			name = Release;
		};
/* End XCBuildConfiguration section */

/* Begin XCConfigurationList section */
		157148461547F5A300B45A09 /* Build configuration list for PBXProject "MovieTime" */ = {
			isa = XCConfigurationList;
			buildConfigurations = (
				157148621547F5A300B45A09 /* Debug */,
				157148631547F5A300B45A09 /* Release */,
			);
			defaultConfigurationIsVisible = 0;
			defaultConfigurationName = Release;
		};
		157148641547F5A300B45A09 /* Build configuration list for PBXNativeTarget "MovieTime" */ = {
			isa = XCConfigurationList;
			buildConfigurations = (
				157148651547F5A300B45A09 /* Debug */,
				157148661547F5A300B45A09 /* Release */,
			);
			defaultConfigurationIsVisible = 0;
			defaultConfigurationName = Release;
		};
/* End XCConfigurationList section */
	};
	rootObject = 157148431547F5A300B45A09 /* Project object */;
}
